
Microsoft Visual Studio Solution File, Format Version 12.00
# Visual Studio 14
VisualStudioVersion = 14.0.25420.1
MinimumVisualStudioVersion = 10.0.40219.1
Project("{2150E333-8FDC-42A3-9474-1A3956D46DE8}") = "Nap.Demo.Domain", "Nap.Demo.Domain", "{615012AE-0151-42A9-9EB8-86F8C5FF17E1}"
EndProject
Project("{2150E333-8FDC-42A3-9474-1A3956D46DE8}") = "Nap.Demo.Data", "Nap.Demo.Data", "{F35160A9-A5F3-4442-9A05-CA36B7F48640}"
EndProject
Project("{2150E333-8FDC-42A3-9474-1A3956D46DE8}") = "Nap.Demo.Repository", "Nap.Demo.Repository", "{264C7AF3-0326-49C8-A2D3-91794D82905B}"
EndProject
Global
	GlobalSection(SolutionProperties) = preSolution
		HideSolutionNode = FALSE
	EndGlobalSection
EndGlobal
